
Microsoft Visual Studio Solution File, Format Version 12.00
# Visual Studio Version 16
VisualStudioVersion = 16.0.30204.135
MinimumVisualStudioVersion = 10.0.40219.1
Project("{FAE04EC0-301F-11D3-BF4B-00C04F79EFBC}") = "WorkerSample", "WorkerSample\WorkerSample.csproj", "{E2BD7CE2-85AB-4F87-B2B5-3C835D557866}"
EndProject
Global
	GlobalSection(SolutionConfigurationPlatforms) = preSolution
		Debug|Any CPU = Debug|Any CPU
		Release|Any CPU = Release|Any CPU
	EndGlobalSection
	GlobalSection(ProjectConfigurationPlatforms) = postSolution
		{E2BD7CE2-85AB-4F87-B2B5-3C835D557866}.Debug|Any CPU.ActiveCfg = Debug|Any CPU
		{E2BD7CE2-85AB-4F87-B2B5-3C835D557866}.Debug|Any CPU.Build.0 = Debug|Any CPU
		{E2BD7CE2-85AB-4F87-B2B5-3C835D557866}.Release|Any CPU.ActiveCfg = Release|Any CPU
		{E2BD7CE2-85AB-4F87-B2B5-3C835D557866}.Release|Any CPU.Build.0 = Release|Any CPU
	EndGlobalSection
	GlobalSection(SolutionProperties) = preSolution
		HideSolutionNode = FALSE
	EndGlobalSection
	GlobalSection(ExtensibilityGlobals) = postSolution
		SolutionGuid = {EE0E7B1C-E7BB-48F3-AF05-41FA83D322F4}
	EndGlobalSection
EndGlobal
